
Microsoft Visual Studio Solution File, Format Version 12.00
# Visual Studio 15
VisualStudioVersion = 15.0.26124.0
MinimumVisualStudioVersion = 15.0.26124.0
Project("{2150E333-8FDC-42A3-9474-1A3956D46DE8}") = "base", "base", "{461F0D41-48B9-430A-8C3A-BF71D57A000B}"
EndProject
Project("{2150E333-8FDC-42A3-9474-1A3956D46DE8}") = "presentations", "presentations", "{9A4C0CB1-1232-4889-98EB-AD25084FE055}"
EndProject
Project("{2150E333-8FDC-42A3-9474-1A3956D46DE8}") = "domains", "domains", "{4DA74E73-14FE-4646-94FD-79E2EA1AB364}"
EndProject
Project("{FAE04EC0-301F-11D3-BF4B-00C04F79EFBC}") = "Powerumc.RssFeeds", "src\Powerumc.RssFeeds\Powerumc.RssFeeds.csproj", "{9DE527CE-EE16-453B-8763-F8F88998BA2B}"
EndProject
Project("{FAE04EC0-301F-11D3-BF4B-00C04F79EFBC}") = "Powerumc.RssFeeds.Database", "src\Powerumc.RssFeeds.Database\Powerumc.RssFeeds.Database.csproj", "{AA56CBBF-EAE2-4F3D-A1BA-125654F71272}"
EndProject
Project("{FAE04EC0-301F-11D3-BF4B-00C04F79EFBC}") = "Powerumc.RssFeeds.Resources", "src\Powerumc.RssFeeds.Resources\Powerumc.RssFeeds.Resources.csproj", "{065328EC-EADE-4EC5-AFC4-E9869F62C296}"
EndProject
Project("{FAE04EC0-301F-11D3-BF4B-00C04F79EFBC}") = "Powerumc.RssFeeds.Api", "src\Powerumc.RssFeeds.Api\Powerumc.RssFeeds.Api.csproj", "{D0834ED4-B119-4E60-BE4F-D064A15B656D}"
EndProject
Project("{2150E333-8FDC-42A3-9474-1A3956D46DE8}") = "src", "src", "{382444C1-E68D-47F7-983B-7280F3B207D6}"
ProjectSection(SolutionItems) = preProject
	README.md = README.md
EndProjectSection
EndProject
Project("{2150E333-8FDC-42A3-9474-1A3956D46DE8}") = "tests", "tests", "{CF488C16-81FF-4E57-8BFB-43238C6F573A}"
EndProject
Project("{FAE04EC0-301F-11D3-BF4B-00C04F79EFBC}") = "Powerumc.RssFeeds.Domain", "src\Powerumc.RssFeeds.Domain\Powerumc.RssFeeds.Domain.csproj", "{F84EF393-0D5A-4E03-B8EE-D7ED04AC6262}"
EndProject
Project("{FAE04EC0-301F-11D3-BF4B-00C04F79EFBC}") = "Powerumc.RssFeeds.Repositories", "src\Powerumc.RssFeeds.Repositories\Powerumc.RssFeeds.Repositories.csproj", "{5DE3996D-7C4B-4BA2-B931-71378B59F62B}"
EndProject
Project("{FAE04EC0-301F-11D3-BF4B-00C04F79EFBC}") = "Powerumc.RssFeeds.Services", "src\Powerumc.RssFeeds.Services\Powerumc.RssFeeds.Services.csproj", "{636FCED1-F2B1-4030-B552-0D3FBECBC1D1}"
EndProject
Global
	GlobalSection(SolutionConfigurationPlatforms) = preSolution
		Debug|Any CPU = Debug|Any CPU
		Debug|x64 = Debug|x64
		Debug|x86 = Debug|x86
		Release|Any CPU = Release|Any CPU
		Release|x64 = Release|x64
		Release|x86 = Release|x86
	EndGlobalSection
	GlobalSection(SolutionProperties) = preSolution
		HideSolutionNode = FALSE
	EndGlobalSection
	GlobalSection(NestedProjects) = preSolution
		{9DE527CE-EE16-453B-8763-F8F88998BA2B} = {461F0D41-48B9-430A-8C3A-BF71D57A000B}
		{AA56CBBF-EAE2-4F3D-A1BA-125654F71272} = {461F0D41-48B9-430A-8C3A-BF71D57A000B}
		{065328EC-EADE-4EC5-AFC4-E9869F62C296} = {461F0D41-48B9-430A-8C3A-BF71D57A000B}
		{D0834ED4-B119-4E60-BE4F-D064A15B656D} = {9A4C0CB1-1232-4889-98EB-AD25084FE055}
		{461F0D41-48B9-430A-8C3A-BF71D57A000B} = {382444C1-E68D-47F7-983B-7280F3B207D6}
		{4DA74E73-14FE-4646-94FD-79E2EA1AB364} = {382444C1-E68D-47F7-983B-7280F3B207D6}
		{9A4C0CB1-1232-4889-98EB-AD25084FE055} = {382444C1-E68D-47F7-983B-7280F3B207D6}
		{F84EF393-0D5A-4E03-B8EE-D7ED04AC6262} = {4DA74E73-14FE-4646-94FD-79E2EA1AB364}
		{5DE3996D-7C4B-4BA2-B931-71378B59F62B} = {4DA74E73-14FE-4646-94FD-79E2EA1AB364}
		{636FCED1-F2B1-4030-B552-0D3FBECBC1D1} = {4DA74E73-14FE-4646-94FD-79E2EA1AB364}
	EndGlobalSection
	GlobalSection(ProjectConfigurationPlatforms) = postSolution
		{9DE527CE-EE16-453B-8763-F8F88998BA2B}.Debug|Any CPU.ActiveCfg = Debug|Any CPU
		{9DE527CE-EE16-453B-8763-F8F88998BA2B}.Debug|Any CPU.Build.0 = Debug|Any CPU
		{9DE527CE-EE16-453B-8763-F8F88998BA2B}.Debug|x64.ActiveCfg = Debug|Any CPU
		{9DE527CE-EE16-453B-8763-F8F88998BA2B}.Debug|x64.Build.0 = Debug|Any CPU
		{9DE527CE-EE16-453B-8763-F8F88998BA2B}.Debug|x86.ActiveCfg = Debug|Any CPU
		{9DE527CE-EE16-453B-8763-F8F88998BA2B}.Debug|x86.Build.0 = Debug|Any CPU
		{9DE527CE-EE16-453B-8763-F8F88998BA2B}.Release|Any CPU.ActiveCfg = Release|Any CPU
		{9DE527CE-EE16-453B-8763-F8F88998BA2B}.Release|Any CPU.Build.0 = Release|Any CPU
		{9DE527CE-EE16-453B-8763-F8F88998BA2B}.Release|x64.ActiveCfg = Release|Any CPU
		{9DE527CE-EE16-453B-8763-F8F88998BA2B}.Release|x64.Build.0 = Release|Any CPU
		{9DE527CE-EE16-453B-8763-F8F88998BA2B}.Release|x86.ActiveCfg = Release|Any CPU
		{9DE527CE-EE16-453B-8763-F8F88998BA2B}.Release|x86.Build.0 = Release|Any CPU
		{AA56CBBF-EAE2-4F3D-A1BA-125654F71272}.Debug|Any CPU.ActiveCfg = Debug|Any CPU
		{AA56CBBF-EAE2-4F3D-A1BA-125654F71272}.Debug|Any CPU.Build.0 = Debug|Any CPU
		{AA56CBBF-EAE2-4F3D-A1BA-125654F71272}.Debug|x64.ActiveCfg = Debug|Any CPU
		{AA56CBBF-EAE2-4F3D-A1BA-125654F71272}.Debug|x64.Build.0 = Debug|Any CPU
		{AA56CBBF-EAE2-4F3D-A1BA-125654F71272}.Debug|x86.ActiveCfg = Debug|Any CPU
		{AA56CBBF-EAE2-4F3D-A1BA-125654F71272}.Debug|x86.Build.0 = Debug|Any CPU
		{AA56CBBF-EAE2-4F3D-A1BA-125654F71272}.Release|Any CPU.ActiveCfg = Release|Any CPU
		{AA56CBBF-EAE2-4F3D-A1BA-125654F71272}.Release|Any CPU.Build.0 = Release|Any CPU
		{AA56CBBF-EAE2-4F3D-A1BA-125654F71272}.Release|x64.ActiveCfg = Release|Any CPU
		{AA56CBBF-EAE2-4F3D-A1BA-125654F71272}.Release|x64.Build.0 = Release|Any CPU
		{AA56CBBF-EAE2-4F3D-A1BA-125654F71272}.Release|x86.ActiveCfg = Release|Any CPU
		{AA56CBBF-EAE2-4F3D-A1BA-125654F71272}.Release|x86.Build.0 = Release|Any CPU
		{065328EC-EADE-4EC5-AFC4-E9869F62C296}.Debug|Any CPU.ActiveCfg = Debug|Any CPU
		{065328EC-EADE-4EC5-AFC4-E9869F62C296}.Debug|Any CPU.Build.0 = Debug|Any CPU
		{065328EC-EADE-4EC5-AFC4-E9869F62C296}.Debug|x64.ActiveCfg = Debug|Any CPU
		{065328EC-EADE-4EC5-AFC4-E9869F62C296}.Debug|x64.Build.0 = Debug|Any CPU
		{065328EC-EADE-4EC5-AFC4-E9869F62C296}.Debug|x86.ActiveCfg = Debug|Any CPU
		{065328EC-EADE-4EC5-AFC4-E9869F62C296}.Debug|x86.Build.0 = Debug|Any CPU
		{065328EC-EADE-4EC5-AFC4-E9869F62C296}.Release|Any CPU.ActiveCfg = Release|Any CPU
		{065328EC-EADE-4EC5-AFC4-E9869F62C296}.Release|Any CPU.Build.0 = Release|Any CPU
		{065328EC-EADE-4EC5-AFC4-E9869F62C296}.Release|x64.ActiveCfg = Release|Any CPU
		{065328EC-EADE-4EC5-AFC4-E9869F62C296}.Release|x64.Build.0 = Release|Any CPU
		{065328EC-EADE-4EC5-AFC4-E9869F62C296}.Release|x86.ActiveCfg = Release|Any CPU
		{065328EC-EADE-4EC5-AFC4-E9869F62C296}.Release|x86.Build.0 = Release|Any CPU
		{D0834ED4-B119-4E60-BE4F-D064A15B656D}.Debug|Any CPU.ActiveCfg = Debug|Any CPU
		{D0834ED4-B119-4E60-BE4F-D064A15B656D}.Debug|Any CPU.Build.0 = Debug|Any CPU
		{D0834ED4-B119-4E60-BE4F-D064A15B656D}.Debug|x64.ActiveCfg = Debug|Any CPU
		{D0834ED4-B119-4E60-BE4F-D064A15B656D}.Debug|x64.Build.0 = Debug|Any CPU
		{D0834ED4-B119-4E60-BE4F-D064A15B656D}.Debug|x86.ActiveCfg = Debug|Any CPU
		{D0834ED4-B119-4E60-BE4F-D064A15B656D}.Debug|x86.Build.0 = Debug|Any CPU
		{D0834ED4-B119-4E60-BE4F-D064A15B656D}.Release|Any CPU.ActiveCfg = Release|Any CPU
		{D0834ED4-B119-4E60-BE4F-D064A15B656D}.Release|Any CPU.Build.0 = Release|Any CPU
		{D0834ED4-B119-4E60-BE4F-D064A15B656D}.Release|x64.ActiveCfg = Release|Any CPU
		{D0834ED4-B119-4E60-BE4F-D064A15B656D}.Release|x64.Build.0 = Release|Any CPU
		{D0834ED4-B119-4E60-BE4F-D064A15B656D}.Release|x86.ActiveCfg = Release|Any CPU
		{D0834ED4-B119-4E60-BE4F-D064A15B656D}.Release|x86.Build.0 = Release|Any CPU
		{F84EF393-0D5A-4E03-B8EE-D7ED04AC6262}.Debug|Any CPU.ActiveCfg = Debug|Any CPU
		{F84EF393-0D5A-4E03-B8EE-D7ED04AC6262}.Debug|Any CPU.Build.0 = Debug|Any CPU
		{F84EF393-0D5A-4E03-B8EE-D7ED04AC6262}.Debug|x64.ActiveCfg = Debug|Any CPU
		{F84EF393-0D5A-4E03-B8EE-D7ED04AC6262}.Debug|x64.Build.0 = Debug|Any CPU
		{F84EF393-0D5A-4E03-B8EE-D7ED04AC6262}.Debug|x86.ActiveCfg = Debug|Any CPU
		{F84EF393-0D5A-4E03-B8EE-D7ED04AC6262}.Debug|x86.Build.0 = Debug|Any CPU
		{F84EF393-0D5A-4E03-B8EE-D7ED04AC6262}.Release|Any CPU.ActiveCfg = Release|Any CPU
		{F84EF393-0D5A-4E03-B8EE-D7ED04AC6262}.Release|Any CPU.Build.0 = Release|Any CPU
		{F84EF393-0D5A-4E03-B8EE-D7ED04AC6262}.Release|x64.ActiveCfg = Release|Any CPU
		{F84EF393-0D5A-4E03-B8EE-D7ED04AC6262}.Release|x64.Build.0 = Release|Any CPU
		{F84EF393-0D5A-4E03-B8EE-D7ED04AC6262}.Release|x86.ActiveCfg = Release|Any CPU
		{F84EF393-0D5A-4E03-B8EE-D7ED04AC6262}.Release|x86.Build.0 = Release|Any CPU
		{5DE3996D-7C4B-4BA2-B931-71378B59F62B}.Debug|Any CPU.ActiveCfg = Debug|Any CPU
		{5DE3996D-7C4B-4BA2-B931-71378B59F62B}.Debug|Any CPU.Build.0 = Debug|Any CPU
		{5DE3996D-7C4B-4BA2-B931-71378B59F62B}.Debug|x64.ActiveCfg = Debug|Any CPU
		{5DE3996D-7C4B-4BA2-B931-71378B59F62B}.Debug|x64.Build.0 = Debug|Any CPU
		{5DE3996D-7C4B-4BA2-B931-71378B59F62B}.Debug|x86.ActiveCfg = Debug|Any CPU
		{5DE3996D-7C4B-4BA2-B931-71378B59F62B}.Debug|x86.Build.0 = Debug|Any CPU
		{5DE3996D-7C4B-4BA2-B931-71378B59F62B}.Release|Any CPU.ActiveCfg = Release|Any CPU
		{5DE3996D-7C4B-4BA2-B931-71378B59F62B}.Release|Any CPU.Build.0 = Release|Any CPU
		{5DE3996D-7C4B-4BA2-B931-71378B59F62B}.Release|x64.ActiveCfg = Release|Any CPU
		{5DE3996D-7C4B-4BA2-B931-71378B59F62B}.Release|x64.Build.0 = Release|Any CPU
		{5DE3996D-7C4B-4BA2-B931-71378B59F62B}.Release|x86.ActiveCfg = Release|Any CPU
		{5DE3996D-7C4B-4BA2-B931-71378B59F62B}.Release|x86.Build.0 = Release|Any CPU
		{636FCED1-F2B1-4030-B552-0D3FBECBC1D1}.Debug|Any CPU.ActiveCfg = Debug|Any CPU
		{636FCED1-F2B1-4030-B552-0D3FBECBC1D1}.Debug|Any CPU.Build.0 = Debug|Any CPU
		{636FCED1-F2B1-4030-B552-0D3FBECBC1D1}.Debug|x64.ActiveCfg = Debug|Any CPU
		{636FCED1-F2B1-4030-B552-0D3FBECBC1D1}.Debug|x64.Build.0 = Debug|Any CPU
		{636FCED1-F2B1-4030-B552-0D3FBECBC1D1}.Debug|x86.ActiveCfg = Debug|Any CPU
		{636FCED1-F2B1-4030-B552-0D3FBECBC1D1}.Debug|x86.Build.0 = Debug|Any CPU
		{636FCED1-F2B1-4030-B552-0D3FBECBC1D1}.Release|Any CPU.ActiveCfg = Release|Any CPU
		{636FCED1-F2B1-4030-B552-0D3FBECBC1D1}.Release|Any CPU.Build.0 = Release|Any CPU
		{636FCED1-F2B1-4030-B552-0D3FBECBC1D1}.Release|x64.ActiveCfg = Release|Any CPU
		{636FCED1-F2B1-4030-B552-0D3FBECBC1D1}.Release|x64.Build.0 = Release|Any CPU
		{636FCED1-F2B1-4030-B552-0D3FBECBC1D1}.Release|x86.ActiveCfg = Release|Any CPU
		{636FCED1-F2B1-4030-B552-0D3FBECBC1D1}.Release|x86.Build.0 = Release|Any CPU
	EndGlobalSection
EndGlobal
